
Microsoft Visual Studio Solution File, Format Version 12.00
# Visual Studio Version 16
VisualStudioVersion = 16.0.29230.47
MinimumVisualStudioVersion = 10.0.40219.1
Project("{FAE04EC0-301F-11D3-BF4B-00C04F79EFBC}") = "ConfigFileTest", "ConfigFileTest\ConfigFileTest.csproj", "{AC0FE964-353F-4781-932E-70DC8237B705}"
EndProject
Project("{FAE04EC0-301F-11D3-BF4B-00C04F79EFBC}") = "FactoryExample", "FactoryExample\FactoryExample.csproj", "{FD8508DF-E3A3-443A-9785-190D1529CA85}"
EndProject
Global
	GlobalSection(SolutionConfigurationPlatforms) = preSolution
		Debug|Any CPU = Debug|Any CPU
		Release|Any CPU = Release|Any CPU
	EndGlobalSection
	GlobalSection(ProjectConfigurationPlatforms) = postSolution
		{AC0FE964-353F-4781-932E-70DC8237B705}.Debug|Any CPU.ActiveCfg = Debug|Any CPU
		{AC0FE964-353F-4781-932E-70DC8237B705}.Debug|Any CPU.Build.0 = Debug|Any CPU
		{AC0FE964-353F-4781-932E-70DC8237B705}.Release|Any CPU.ActiveCfg = Release|Any CPU
		{AC0FE964-353F-4781-932E-70DC8237B705}.Release|Any CPU.Build.0 = Release|Any CPU
		{FD8508DF-E3A3-443A-9785-190D1529CA85}.Debug|Any CPU.ActiveCfg = Debug|Any CPU
		{FD8508DF-E3A3-443A-9785-190D1529CA85}.Debug|Any CPU.Build.0 = Debug|Any CPU
		{FD8508DF-E3A3-443A-9785-190D1529CA85}.Release|Any CPU.ActiveCfg = Release|Any CPU
		{FD8508DF-E3A3-443A-9785-190D1529CA85}.Release|Any CPU.Build.0 = Release|Any CPU
	EndGlobalSection
	GlobalSection(SolutionProperties) = preSolution
		HideSolutionNode = FALSE
	EndGlobalSection
	GlobalSection(ExtensibilityGlobals) = postSolution
		SolutionGuid = {3266527B-CDAC-47CC-8945-34DF0D8C2958}
	EndGlobalSection
EndGlobal
